{
  "name": "root",
  "requires": true,
  "lockfileVersion": 1,
  "dependencies": {
    "@types/config": {
      "version": "0.0.34",
      "resolved": "https://registry.npmjs.org/@types/config/-/config-0.0.34.tgz",
      "integrity": "sha512-jWi9DXx77hnzN4kHCNEvP/kab+nchRLTg9yjXYxjTcMBkuc5iBb3QuwJ4sPrb+nzy1GQjrfyfMqZOdR4i7opRQ==",
      "dev": true
    },
    "@types/pify": {
      "version": "3.0.2",
      "resolved": "https://registry.npmjs.org/@types/pify/-/pify-3.0.2.tgz",
      "integrity": "sha512-a5AKF1/9pCU3HGMkesgY6LsBdXHUY3WU+I2qgpU0J+I8XuJA1aFr59eS84/HP0+dxsyBSNbt+4yGI2adUpHwSg==",
      "dev": true
    }
  }
}
