{
  "name": "root",
  "requires": true,
  "lockfileVersion": 1,
  "dependencies": {
    "@types/config": {
      "version": "0.0.34",
      "resolved": "https://registry.npmjs.org/@types/config/-/config-0.0.34.tgz",
      "integrity": "sha512-jWi9DXx77hnzN4kHCNEvP/kab+nchRLTg9yjXYxjTcMBkuc5iBb3QuwJ4sPrb+nzy1GQjrfyfMqZOdR4i7opRQ==",
      "dev": true
    },
    "@types/node": {
      "version": "10.5.8",
      "resolved": "https://registry.npmjs.org/@types/node/-/node-10.5.8.tgz",
      "integrity": "sha512-sWSjw+bYW/2W+1V3m8tVsm9PKJcxk3NHN7oRqNUfEdofKg0Imbdu1dQbFvLKjZQXEDXRN6IfSMACjJ7Wv4NGCQ==",
      "dev": true
    },
    "@types/pify": {
      "version": "3.0.2",
      "resolved": "https://registry.npmjs.org/@types/pify/-/pify-3.0.2.tgz",
      "integrity": "sha512-a5AKF1/9pCU3HGMkesgY6LsBdXHUY3WU+I2qgpU0J+I8XuJA1aFr59eS84/HP0+dxsyBSNbt+4yGI2adUpHwSg==",
      "dev": true
    },
    "typescript": {
      "version": "2.5.3",
      "resolved": "https://registry.npmjs.org/typescript/-/typescript-2.5.3.tgz",
      "integrity": "sha512-ptLSQs2S4QuS6/OD1eAKG+S5G8QQtrU5RT32JULdZQtM1L3WTi34Wsu48Yndzi8xsObRAB9RPt/KhA9wlpEF6w==",
      "dev": true
    }
  }
}
