{
  "name": "@cxcloud/content",
  "version": "1.0.0",
  "lockfileVersion": 1,
  "requires": true,
  "dependencies": {
    "@contentful/axios": {
      "version": "0.18.0",
      "resolved": "https://registry.npmjs.org/@contentful/axios/-/axios-0.18.0.tgz",
      "integrity": "sha512-4r4Ww1IJlmRolKgovLTTmdS6CsdvXYVxgXRFwWSh1x36T/0Wg9kTwdaVaApZXcv1DfYyw9RSNdxIGSwTP2/Lag==",
      "requires": {
        "follow-redirects": "^1.2.5",
        "is-buffer": "^1.1.5"
      }
    },
    "config": {
      "version": "2.0.1",
      "resolved": "https://registry.npmjs.org/config/-/config-2.0.1.tgz",
      "integrity": "sha512-aTaviJnC8ZjQYx8kQf4u6tWqIxWolyQQ3LqXgnCLAsIb78JrUshHG0YuzIarzTaVVe1Pazms3TXImfYra8UsyQ==",
      "requires": {
        "json5": "^1.0.1"
      }
    },
    "contentful": {
      "version": "7.0.0",
      "resolved": "https://registry.npmjs.org/contentful/-/contentful-7.0.0.tgz",
      "integrity": "sha512-U3rPatZp3KVmSb5YRriJpxx7vCBdSqU9RgJ8aQhau1qa+1HbPuV1g7fYAxMDAiMIIoFES/yNW6eGLAi8oZweIA==",
      "requires": {
        "@contentful/axios": "^0.18.0",
        "contentful-resolve-response": "^1.1.4",
        "contentful-sdk-core": "^6.0.1",
        "json-stringify-safe": "^5.0.1",
        "lodash": "^4.17.5"
      }
    },
    "contentful-resolve-response": {
      "version": "1.1.4",
      "resolved": "https://registry.npmjs.org/contentful-resolve-response/-/contentful-resolve-response-1.1.4.tgz",
      "integrity": "sha512-oFq6n6zjbiwD9/7mBa8YHPwvPM0B0D4uOgg1n/rVzpQPhCrzeIixNj6fbJAbDiJt05rZqxiY3K1Db7pPRhRaZw==",
      "requires": {
        "lodash": "^4.17.4"
      }
    },
    "contentful-sdk-core": {
      "version": "6.0.1",
      "resolved": "https://registry.npmjs.org/contentful-sdk-core/-/contentful-sdk-core-6.0.1.tgz",
      "integrity": "sha512-Rd0jbjmiIbScbothezO08DPkfRrByB0Y4onAWAhthKSXagMBx8oAP9kVvEKJpluc57Rb/slG3NcHuD09bAiWkw==",
      "requires": {
        "lodash": "^4.17.10",
        "qs": "^6.5.2"
      }
    },
    "debug": {
      "version": "3.1.0",
      "resolved": "https://registry.npmjs.org/debug/-/debug-3.1.0.tgz",
      "integrity": "sha512-OX8XqP7/1a9cqkxYw2yXss15f26NKWBpDXQd0/uK/KPqdQhxbPa994hnzjcE2VqQpDslf55723cKPUOGSmMY3g==",
      "requires": {
        "ms": "2.0.0"
      }
    },
    "follow-redirects": {
      "version": "1.5.2",
      "resolved": "https://registry.npmjs.org/follow-redirects/-/follow-redirects-1.5.2.tgz",
      "integrity": "sha512-kssLorP/9acIdpQ2udQVTiCS5LQmdEz9mvdIfDcl1gYX2tPKFADHSyFdvJS040XdFsPzemWtgI3q8mFVCxtX8A==",
      "requires": {
        "debug": "^3.1.0"
      }
    },
    "is-buffer": {
      "version": "1.1.6",
      "resolved": "https://registry.npmjs.org/is-buffer/-/is-buffer-1.1.6.tgz",
      "integrity": "sha512-NcdALwpXkTm5Zvvbk7owOUSvVvBKDgKP5/ewfXEznmQFfs4ZRmanOeKBTjRVjka3QFoN6XJ+9F3USqfHqTaU5w=="
    },
    "json-stringify-safe": {
      "version": "5.0.1",
      "resolved": "https://registry.npmjs.org/json-stringify-safe/-/json-stringify-safe-5.0.1.tgz",
      "integrity": "sha1-Epai1Y/UXxmg9s4B1lcB4sc1tus="
    },
    "json5": {
      "version": "1.0.2",
      "resolved": "https://registry.npmjs.org/json5/-/json5-1.0.2.tgz",
      "integrity": "sha512-g1MWMLBiz8FKi1e4w0UyVL3w+iJceWAFBAaBnnGKOpNa5f8TLktkbre1+s6oICydWAm+HRUGTmI+//xv2hvXYA==",
      "requires": {
        "minimist": "^1.2.0"
      }
    },
    "lodash": {
      "version": "4.17.15",
      "resolved": "https://registry.npmjs.org/lodash/-/lodash-4.17.15.tgz",
      "integrity": "sha512-8xOcRHvCjnocdS5cpwXQXVzmmh5e5+saE2QGoeQmbKmRS6J3VQppPOIt0MnmE+4xlZoumy0GPG0D0MVIQbNA1A=="
    },
    "minimist": {
      "version": "1.2.0",
      "resolved": "https://registry.npmjs.org/minimist/-/minimist-1.2.0.tgz",
      "integrity": "sha1-o1AIsg9BOD7sH7kU9M1d95omQoQ="
    },
    "ms": {
      "version": "2.0.0",
      "resolved": "https://registry.npmjs.org/ms/-/ms-2.0.0.tgz",
      "integrity": "sha1-VgiurfwAvmwpAd9fmGF4jeDVl8g="
    },
    "qs": {
      "version": "6.5.2",
      "resolved": "https://registry.npmjs.org/qs/-/qs-6.5.2.tgz",
      "integrity": "sha512-N5ZAX4/LxJmF+7wN74pUD6qAh9/wnvdQcjq9TZjevvXzSUo7bfmw91saqMjzGS2xq91/odN2dW/WOl7qQHNDGA=="
    }
  }
}
